
Microsoft Visual Studio Solution File, Format Version 12.00
# Visual Studio for Mac
Project("{FAE04EC0-301F-11D3-BF4B-00C04F79EFBC}") = "Assembly-CSharp", "Assembly-CSharp.csproj", "{DD32A643-921D-10D8-1D0E-1037C1EF38C7}"
EndProject
Project("{FAE04EC0-301F-11D3-BF4B-00C04F79EFBC}") = "V_Animation", "V_Animation.csproj", "{53BAB231-116B-6144-89CF-E6F517451FFE}"
EndProject
Global
	GlobalSection(SolutionConfigurationPlatforms) = preSolution
		Debug|Any CPU = Debug|Any CPU
		Release|Any CPU = Release|Any CPU
	EndGlobalSection
	GlobalSection(ProjectConfigurationPlatforms) = postSolution
		{DD32A643-921D-10D8-1D0E-1037C1EF38C7}.Debug|Any CPU.ActiveCfg = Debug|Any CPU
		{DD32A643-921D-10D8-1D0E-1037C1EF38C7}.Debug|Any CPU.Build.0 = Debug|Any CPU
		{DD32A643-921D-10D8-1D0E-1037C1EF38C7}.Release|Any CPU.ActiveCfg = Release|Any CPU
		{DD32A643-921D-10D8-1D0E-1037C1EF38C7}.Release|Any CPU.Build.0 = Release|Any CPU
		{53BAB231-116B-6144-89CF-E6F517451FFE}.Debug|Any CPU.ActiveCfg = Debug|Any CPU
		{53BAB231-116B-6144-89CF-E6F517451FFE}.Debug|Any CPU.Build.0 = Debug|Any CPU
		{53BAB231-116B-6144-89CF-E6F517451FFE}.Release|Any CPU.ActiveCfg = Release|Any CPU
		{53BAB231-116B-6144-89CF-E6F517451FFE}.Release|Any CPU.Build.0 = Release|Any CPU
	EndGlobalSection
	GlobalSection(SolutionProperties) = preSolution
		HideSolutionNode = FALSE
	EndGlobalSection
EndGlobal
